
Microsoft Visual Studio Solution File, Format Version 12.00
# Visual Studio Version 17
VisualStudioVersion = 17.9.34616.47
MinimumVisualStudioVersion = 10.0.40219.1
Project("{FAE04EC0-301F-11D3-BF4B-00C04F79EFBC}") = "SimpleCOM", "SimpleCOM.csproj", "{53A8FDE4-1C85-4060-86A1-5AB9D3EF7378}"
EndProject
Global
	GlobalSection(SolutionConfigurationPlatforms) = preSolution
		Debug|Any CPU = Debug|Any CPU
		Release|Any CPU = Release|Any CPU
	EndGlobalSection
	GlobalSection(ProjectConfigurationPlatforms) = postSolution
		{53A8FDE4-1C85-4060-86A1-5AB9D3EF7378}.Debug|Any CPU.ActiveCfg = Debug|Any CPU
		{53A8FDE4-1C85-4060-86A1-5AB9D3EF7378}.Debug|Any CPU.Build.0 = Debug|Any CPU
		{53A8FDE4-1C85-4060-86A1-5AB9D3EF7378}.Release|Any CPU.ActiveCfg = Release|Any CPU
		{53A8FDE4-1C85-4060-86A1-5AB9D3EF7378}.Release|Any CPU.Build.0 = Release|Any CPU
	EndGlobalSection
	GlobalSection(SolutionProperties) = preSolution
		HideSolutionNode = FALSE
	EndGlobalSection
	GlobalSection(ExtensibilityGlobals) = postSolution
		SolutionGuid = {C36966E4-1868-4443-B121-6A801DB8CE0F}
	EndGlobalSection
EndGlobal
